# THIS IS AN AUTOGENERATED FILE. DO NOT EDIT THIS FILE DIRECTLY.
# yarn lockfile v1


"@babel/runtime@^7.21.0":
  version "7.24.7"
  resolved "https://registry.yarnpkg.com/@babel/runtime/-/runtime-7.24.7.tgz#f4f0d5530e8dbdf59b3451b9b3e594b6ba082e12"
  integrity sha512-UwgBRMjJP+xv857DCngvqXI3Iq6J4v0wXmwc6sapg+zyhbwmQX67LUEFrkK5tbyJ30jGuG3ZvWpBiB9LCy1kWw==
  dependencies:
    regenerator-runtime "^0.14.0"

"@esbuild/aix-ppc64@0.21.5":
  version "0.21.5"
  resolved "https://registry.yarnpkg.com/@esbuild/aix-ppc64/-/aix-ppc64-0.21.5.tgz#c7184a326533fcdf1b8ee0733e21c713b975575f"
  integrity sha512-1SDgH6ZSPTlggy1yI6+Dbkiz8xzpHJEVAlF/AM1tHPLsf5STom9rwtjE4hKAF20FfXXNTFqEYXyJNWh1GiZedQ==

"@esbuild/android-arm64@0.21.5":
  version "0.21.5"
  resolved "https://registry.yarnpkg.com/@esbuild/android-arm64/-/android-arm64-0.21.5.tgz#09d9b4357780da9ea3a7dfb833a1f1ff439b4052"
  integrity sha512-c0uX9VAUBQ7dTDCjq+wdyGLowMdtR/GoC2U5IYk/7D1H1JYC0qseD7+11iMP2mRLN9RcCMRcjC4YMclCzGwS/A==

"@esbuild/android-arm@0.21.5":
  version "0.21.5"
  resolved "https://registry.yarnpkg.com/@esbuild/android-arm/-/android-arm-0.21.5.tgz#9b04384fb771926dfa6d7ad04324ecb2ab9b2e28"
  integrity sha512-vCPvzSjpPHEi1siZdlvAlsPxXl7WbOVUBBAowWug4rJHb68Ox8KualB+1ocNvT5fjv6wpkX6o/iEpbDrf68zcg==

"@esbuild/android-x64@0.21.5":
  version "0.21.5"
  resolved "https://registry.yarnpkg.com/@esbuild/android-x64/-/android-x64-0.21.5.tgz#29918ec2db754cedcb6c1b04de8cd6547af6461e"
  integrity sha512-D7aPRUUNHRBwHxzxRvp856rjUHRFW1SdQATKXH2hqA0kAZb1hKmi02OpYRacl0TxIGz/ZmXWlbZgjwWYaCakTA==

"@esbuild/darwin-arm64@0.21.5":
  version "0.21.5"
  resolved "https://registry.yarnpkg.com/@esbuild/darwin-arm64/-/darwin-arm64-0.21.5.tgz#e495b539660e51690f3928af50a76fb0a6ccff2a"
  integrity sha512-DwqXqZyuk5AiWWf3UfLiRDJ5EDd49zg6O9wclZ7kUMv2WRFr4HKjXp/5t8JZ11QbQfUS6/cRCKGwYhtNAY88kQ==

"@esbuild/darwin-x64@0.21.5":
  version "0.21.5"
  resolved "https://registry.yarnpkg.com/@esbuild/darwin-x64/-/darwin-x64-0.21.5.tgz#c13838fa57372839abdddc91d71542ceea2e1e22"
  integrity sha512-se/JjF8NlmKVG4kNIuyWMV/22ZaerB+qaSi5MdrXtd6R08kvs2qCN4C09miupktDitvh8jRFflwGFBQcxZRjbw==

"@esbuild/freebsd-arm64@0.21.5":
  version "0.21.5"
  resolved "https://registry.yarnpkg.com/@esbuild/freebsd-arm64/-/freebsd-arm64-0.21.5.tgz#646b989aa20bf89fd071dd5dbfad69a3542e550e"
  integrity sha512-5JcRxxRDUJLX8JXp/wcBCy3pENnCgBR9bN6JsY4OmhfUtIHe3ZW0mawA7+RDAcMLrMIZaf03NlQiX9DGyB8h4g==

"@esbuild/freebsd-x64@0.21.5":
  version "0.21.5"
  resolved "https://registry.yarnpkg.com/@esbuild/freebsd-x64/-/freebsd-x64-0.21.5.tgz#aa615cfc80af954d3458906e38ca22c18cf5c261"
  integrity sha512-J95kNBj1zkbMXtHVH29bBriQygMXqoVQOQYA+ISs0/2l3T9/kj42ow2mpqerRBxDJnmkUDCaQT/dfNXWX/ZZCQ==

"@esbuild/linux-arm64@0.21.5":
  version "0.21.5"
  resolved "https://registry.yarnpkg.com/@esbuild/linux-arm64/-/linux-arm64-0.21.5.tgz#70ac6fa14f5cb7e1f7f887bcffb680ad09922b5b"
  integrity sha512-ibKvmyYzKsBeX8d8I7MH/TMfWDXBF3db4qM6sy+7re0YXya+K1cem3on9XgdT2EQGMu4hQyZhan7TeQ8XkGp4Q==

"@esbuild/linux-arm@0.21.5":
  version "0.21.5"
  resolved "https://registry.yarnpkg.com/@esbuild/linux-arm/-/linux-arm-0.21.5.tgz#fc6fd11a8aca56c1f6f3894f2bea0479f8f626b9"
  integrity sha512-bPb5AHZtbeNGjCKVZ9UGqGwo8EUu4cLq68E95A53KlxAPRmUyYv2D6F0uUI65XisGOL1hBP5mTronbgo+0bFcA==

"@esbuild/linux-ia32@0.21.5":
  version "0.21.5"
  resolved "https://registry.yarnpkg.com/@esbuild/linux-ia32/-/linux-ia32-0.21.5.tgz#3271f53b3f93e3d093d518d1649d6d68d346ede2"
  integrity sha512-YvjXDqLRqPDl2dvRODYmmhz4rPeVKYvppfGYKSNGdyZkA01046pLWyRKKI3ax8fbJoK5QbxblURkwK/MWY18Tg==

"@esbuild/linux-loong64@0.21.5":
  version "0.21.5"
  resolved "https://registry.yarnpkg.com/@esbuild/linux-loong64/-/linux-loong64-0.21.5.tgz#ed62e04238c57026aea831c5a130b73c0f9f26df"
  integrity sha512-uHf1BmMG8qEvzdrzAqg2SIG/02+4/DHB6a9Kbya0XDvwDEKCoC8ZRWI5JJvNdUjtciBGFQ5PuBlpEOXQj+JQSg==

"@esbuild/linux-mips64el@0.21.5":
  version "0.21.5"
  resolved "https://registry.yarnpkg.com/@esbuild/linux-mips64el/-/linux-mips64el-0.21.5.tgz#e79b8eb48bf3b106fadec1ac8240fb97b4e64cbe"
  integrity sha512-IajOmO+KJK23bj52dFSNCMsz1QP1DqM6cwLUv3W1QwyxkyIWecfafnI555fvSGqEKwjMXVLokcV5ygHW5b3Jbg==

"@esbuild/linux-ppc64@0.21.5":
  version "0.21.5"
  resolved "https://registry.yarnpkg.com/@esbuild/linux-ppc64/-/linux-ppc64-0.21.5.tgz#5f2203860a143b9919d383ef7573521fb154c3e4"
  integrity sha512-1hHV/Z4OEfMwpLO8rp7CvlhBDnjsC3CttJXIhBi+5Aj5r+MBvy4egg7wCbe//hSsT+RvDAG7s81tAvpL2XAE4w==

"@esbuild/linux-riscv64@0.21.5":
  version "0.21.5"
  resolved "https://registry.yarnpkg.com/@esbuild/linux-riscv64/-/linux-riscv64-0.21.5.tgz#07bcafd99322d5af62f618cb9e6a9b7f4bb825dc"
  integrity sha512-2HdXDMd9GMgTGrPWnJzP2ALSokE/0O5HhTUvWIbD3YdjME8JwvSCnNGBnTThKGEB91OZhzrJ4qIIxk/SBmyDDA==

"@esbuild/linux-s390x@0.21.5":
  version "0.21.5"
  resolved "https://registry.yarnpkg.com/@esbuild/linux-s390x/-/linux-s390x-0.21.5.tgz#b7ccf686751d6a3e44b8627ababc8be3ef62d8de"
  integrity sha512-zus5sxzqBJD3eXxwvjN1yQkRepANgxE9lgOW2qLnmr8ikMTphkjgXu1HR01K4FJg8h1kEEDAqDcZQtbrRnB41A==

"@esbuild/linux-x64@0.21.5":
  version "0.21.5"
  resolved "https://registry.yarnpkg.com/@esbuild/linux-x64/-/linux-x64-0.21.5.tgz#6d8f0c768e070e64309af8004bb94e68ab2bb3b0"
  integrity sha512-1rYdTpyv03iycF1+BhzrzQJCdOuAOtaqHTWJZCWvijKD2N5Xu0TtVC8/+1faWqcP9iBCWOmjmhoH94dH82BxPQ==

"@esbuild/netbsd-x64@0.21.5":
  version "0.21.5"
  resolved "https://registry.yarnpkg.com/@esbuild/netbsd-x64/-/netbsd-x64-0.21.5.tgz#bbe430f60d378ecb88decb219c602667387a6047"
  integrity sha512-Woi2MXzXjMULccIwMnLciyZH4nCIMpWQAs049KEeMvOcNADVxo0UBIQPfSmxB3CWKedngg7sWZdLvLczpe0tLg==

"@esbuild/openbsd-x64@0.21.5":
  version "0.21.5"
  resolved "https://registry.yarnpkg.com/@esbuild/openbsd-x64/-/openbsd-x64-0.21.5.tgz#99d1cf2937279560d2104821f5ccce220cb2af70"
  integrity sha512-HLNNw99xsvx12lFBUwoT8EVCsSvRNDVxNpjZ7bPn947b8gJPzeHWyNVhFsaerc0n3TsbOINvRP2byTZ5LKezow==

"@esbuild/sunos-x64@0.21.5":
  version "0.21.5"
  resolved "https://registry.yarnpkg.com/@esbuild/sunos-x64/-/sunos-x64-0.21.5.tgz#08741512c10d529566baba837b4fe052c8f3487b"
  integrity sha512-6+gjmFpfy0BHU5Tpptkuh8+uw3mnrvgs+dSPQXQOv3ekbordwnzTVEb4qnIvQcYXq6gzkyTnoZ9dZG+D4garKg==

"@esbuild/win32-arm64@0.21.5":
  version "0.21.5"
  resolved "https://registry.yarnpkg.com/@esbuild/win32-arm64/-/win32-arm64-0.21.5.tgz#675b7385398411240735016144ab2e99a60fc75d"
  integrity sha512-Z0gOTd75VvXqyq7nsl93zwahcTROgqvuAcYDUr+vOv8uHhNSKROyU961kgtCD1e95IqPKSQKH7tBTslnS3tA8A==

"@esbuild/win32-ia32@0.21.5":
  version "0.21.5"
  resolved "https://registry.yarnpkg.com/@esbuild/win32-ia32/-/win32-ia32-0.21.5.tgz#1bfc3ce98aa6ca9a0969e4d2af72144c59c1193b"
  integrity sha512-SWXFF1CL2RVNMaVs+BBClwtfZSvDgtL//G/smwAc5oVK/UPu2Gu9tIaRgFmYFFKrmg3SyAjSrElf0TiJ1v8fYA==

"@esbuild/win32-x64@0.21.5":
  version "0.21.5"
  resolved "https://registry.yarnpkg.com/@esbuild/win32-x64/-/win32-x64-0.21.5.tgz#acad351d582d157bb145535db2a6ff53dd514b5c"
  integrity sha512-tQd/1efJuzPC6rCFwEvLtci/xNFcTZknmXs98FYDfGE4wP9ClFV98nyKrzJKVPMhdDnjzLhdUyMX4PsQAPjwIw==

"@lit-labs/ssr-dom-shim@^1.2.0":
  version "1.2.0"
  resolved "https://registry.yarnpkg.com/@lit-labs/ssr-dom-shim/-/ssr-dom-shim-1.2.0.tgz#353ce4a76c83fadec272ea5674ede767650762fd"
  integrity sha512-yWJKmpGE6lUURKAaIltoPIE/wrbY3TEkqQt+X0m+7fQNnAv0keydnYvbiJFP1PnMhizmIWRWOG5KLhYyc/xl+g==

"@lit/reactive-element@^2.0.4":
  version "2.0.4"
  resolved "https://registry.yarnpkg.com/@lit/reactive-element/-/reactive-element-2.0.4.tgz#8f2ed950a848016383894a26180ff06c56ae001b"
  integrity sha512-GFn91inaUa2oHLak8awSIigYz0cU0Payr1rcFsrkf5OJ5eSPxElyZfKh0f2p9FsTiZWXQdWGJeXZICEfXXYSXQ==
  dependencies:
    "@lit-labs/ssr-dom-shim" "^1.2.0"

"@octokit/auth-token@^4.0.0":
  version "4.0.0"
  resolved "https://registry.yarnpkg.com/@octokit/auth-token/-/auth-token-4.0.0.tgz#40d203ea827b9f17f42a29c6afb93b7745ef80c7"
  integrity sha512-tY/msAuJo6ARbK6SPIxZrPBms3xPbfwBrulZe0Wtr/DIY9lje2HeV1uoebShn6mx7SjCHif6EjMvoREj+gZ+SA==

"@octokit/core@^5.0.2":
  version "5.2.0"
  resolved "https://registry.yarnpkg.com/@octokit/core/-/core-5.2.0.tgz#ddbeaefc6b44a39834e1bb2e58a49a117672a7ea"
  integrity sha512-1LFfa/qnMQvEOAdzlQymH0ulepxbxnCYAKJZfMci/5XJyIHWgEYnDmgnKakbTh7CH2tFQ5O60oYDvns4i9RAIg==
  dependencies:
    "@octokit/auth-token" "^4.0.0"
    "@octokit/graphql" "^7.1.0"
    "@octokit/request" "^8.3.1"
    "@octokit/request-error" "^5.1.0"
    "@octokit/types" "^13.0.0"
    before-after-hook "^2.2.0"
    universal-user-agent "^6.0.0"

"@octokit/endpoint@^9.0.1":
  version "9.0.5"
  resolved "https://registry.yarnpkg.com/@octokit/endpoint/-/endpoint-9.0.5.tgz#e6c0ee684e307614c02fc6ac12274c50da465c44"
  integrity sha512-ekqR4/+PCLkEBF6qgj8WqJfvDq65RH85OAgrtnVp1mSxaXF03u2xW/hUdweGS5654IlC0wkNYC18Z50tSYTAFw==
  dependencies:
    "@octokit/types" "^13.1.0"
    universal-user-agent "^6.0.0"

"@octokit/graphql@^7.1.0":
  version "7.1.0"
  resolved "https://registry.yarnpkg.com/@octokit/graphql/-/graphql-7.1.0.tgz#9bc1c5de92f026648131f04101cab949eeffe4e0"
  integrity sha512-r+oZUH7aMFui1ypZnAvZmn0KSqAUgE1/tUXIWaqUCa1758ts/Jio84GZuzsvUkme98kv0WFY8//n0J1Z+vsIsQ==
  dependencies:
    "@octokit/request" "^8.3.0"
    "@octokit/types" "^13.0.0"
    universal-user-agent "^6.0.0"

"@octokit/openapi-types@^22.2.0":
  version "22.2.0"
  resolved "https://registry.yarnpkg.com/@octokit/openapi-types/-/openapi-types-22.2.0.tgz#75aa7dcd440821d99def6a60b5f014207ae4968e"
  integrity sha512-QBhVjcUa9W7Wwhm6DBFu6ZZ+1/t/oYxqc2tp81Pi41YNuJinbFRx8B133qVOrAaBbF7D/m0Et6f9/pZt9Rc+tg==

"@octokit/plugin-paginate-rest@11.3.1":
  version "11.3.1"
  resolved "https://registry.yarnpkg.com/@octokit/plugin-paginate-rest/-/plugin-paginate-rest-11.3.1.tgz#fe92d04b49f134165d6fbb716e765c2f313ad364"
  integrity sha512-ryqobs26cLtM1kQxqeZui4v8FeznirUsksiA+RYemMPJ7Micju0WSkv50dBksTuZks9O5cg4wp+t8fZ/cLY56g==
  dependencies:
    "@octokit/types" "^13.5.0"

"@octokit/plugin-request-log@^4.0.0":
  version "4.0.1"
  resolved "https://registry.yarnpkg.com/@octokit/plugin-request-log/-/plugin-request-log-4.0.1.tgz#98a3ca96e0b107380664708111864cb96551f958"
  integrity sha512-GihNqNpGHorUrO7Qa9JbAl0dbLnqJVrV8OXe2Zm5/Y4wFkZQDfTreBzVmiRfJVfE4mClXdihHnbpyyO9FSX4HA==

"@octokit/plugin-rest-endpoint-methods@13.2.2":
  version "13.2.2"
  resolved "https://registry.yarnpkg.com/@octokit/plugin-rest-endpoint-methods/-/plugin-rest-endpoint-methods-13.2.2.tgz#af8e5dd2cddfea576f92ffaf9cb84659f302a638"
  integrity sha512-EI7kXWidkt3Xlok5uN43suK99VWqc8OaIMktY9d9+RNKl69juoTyxmLoWPIZgJYzi41qj/9zU7G/ljnNOJ5AFA==
  dependencies:
    "@octokit/types" "^13.5.0"

"@octokit/request-error@^5.1.0":
  version "5.1.0"
  resolved "https://registry.yarnpkg.com/@octokit/request-error/-/request-error-5.1.0.tgz#ee4138538d08c81a60be3f320cd71063064a3b30"
  integrity sha512-GETXfE05J0+7H2STzekpKObFe765O5dlAKUTLNGeH+x47z7JjXHfsHKo5z21D/o/IOZTUEI6nyWyR+bZVP/n5Q==
  dependencies:
    "@octokit/types" "^13.1.0"
    deprecation "^2.0.0"
    once "^1.4.0"

"@octokit/request@^8.3.0", "@octokit/request@^8.3.1":
  version "8.4.0"
  resolved "https://registry.yarnpkg.com/@octokit/request/-/request-8.4.0.tgz#7f4b7b1daa3d1f48c0977ad8fffa2c18adef8974"
  integrity sha512-9Bb014e+m2TgBeEJGEbdplMVWwPmL1FPtggHQRkV+WVsMggPtEkLKPlcVYm/o8xKLkpJ7B+6N8WfQMtDLX2Dpw==
  dependencies:
    "@octokit/endpoint" "^9.0.1"
    "@octokit/request-error" "^5.1.0"
    "@octokit/types" "^13.1.0"
    universal-user-agent "^6.0.0"

"@octokit/rest@^20.0.2":
  version "20.1.1"
  resolved "https://registry.yarnpkg.com/@octokit/rest/-/rest-20.1.1.tgz#ec775864f53fb42037a954b9a40d4f5275b3dc95"
  integrity sha512-MB4AYDsM5jhIHro/dq4ix1iWTLGToIGk6cWF5L6vanFaMble5jTX/UBQyiv05HsWnwUtY8JrfHy2LWfKwihqMw==
  dependencies:
    "@octokit/core" "^5.0.2"
    "@octokit/plugin-paginate-rest" "11.3.1"
    "@octokit/plugin-request-log" "^4.0.0"
    "@octokit/plugin-rest-endpoint-methods" "13.2.2"

"@octokit/types@^13.0.0", "@octokit/types@^13.1.0", "@octokit/types@^13.5.0":
  version "13.5.0"
  resolved "https://registry.yarnpkg.com/@octokit/types/-/types-13.5.0.tgz#4796e56b7b267ebc7c921dcec262b3d5bfb18883"
  integrity sha512-HdqWTf5Z3qwDVlzCrP8UJquMwunpDiMPt5er+QjGzL4hqr/vBVY/MauQgS1xWxCDT1oMx1EULyqxncdCY/NVSQ==
  dependencies:
    "@octokit/openapi-types" "^22.2.0"

"@rollup/rollup-android-arm-eabi@4.18.0":
  version "4.18.0"
  resolved "https://registry.yarnpkg.com/@rollup/rollup-android-arm-eabi/-/rollup-android-arm-eabi-4.18.0.tgz#bbd0e616b2078cd2d68afc9824d1fadb2f2ffd27"
  integrity sha512-Tya6xypR10giZV1XzxmH5wr25VcZSncG0pZIjfePT0OVBvqNEurzValetGNarVrGiq66EBVAFn15iYX4w6FKgQ==

"@rollup/rollup-android-arm64@4.18.0":
  version "4.18.0"
  resolved "https://registry.yarnpkg.com/@rollup/rollup-android-arm64/-/rollup-android-arm64-4.18.0.tgz#97255ef6384c5f73f4800c0de91f5f6518e21203"
  integrity sha512-avCea0RAP03lTsDhEyfy+hpfr85KfyTctMADqHVhLAF3MlIkq83CP8UfAHUssgXTYd+6er6PaAhx/QGv4L1EiA==

"@rollup/rollup-darwin-arm64@4.18.0":
  version "4.18.0"
  resolved "https://registry.yarnpkg.com/@rollup/rollup-darwin-arm64/-/rollup-darwin-arm64-4.18.0.tgz#b6dd74e117510dfe94541646067b0545b42ff096"
  integrity sha512-IWfdwU7KDSm07Ty0PuA/W2JYoZ4iTj3TUQjkVsO/6U+4I1jN5lcR71ZEvRh52sDOERdnNhhHU57UITXz5jC1/w==

"@rollup/rollup-darwin-x64@4.18.0":
  version "4.18.0"
  resolved "https://registry.yarnpkg.com/@rollup/rollup-darwin-x64/-/rollup-darwin-x64-4.18.0.tgz#e07d76de1cec987673e7f3d48ccb8e106d42c05c"
  integrity sha512-n2LMsUz7Ynu7DoQrSQkBf8iNrjOGyPLrdSg802vk6XT3FtsgX6JbE8IHRvposskFm9SNxzkLYGSq9QdpLYpRNA==

"@rollup/rollup-linux-arm-gnueabihf@4.18.0":
  version "4.18.0"
  resolved "https://registry.yarnpkg.com/@rollup/rollup-linux-arm-gnueabihf/-/rollup-linux-arm-gnueabihf-4.18.0.tgz#9f1a6d218b560c9d75185af4b8bb42f9f24736b8"
  integrity sha512-C/zbRYRXFjWvz9Z4haRxcTdnkPt1BtCkz+7RtBSuNmKzMzp3ZxdM28Mpccn6pt28/UWUCTXa+b0Mx1k3g6NOMA==

"@rollup/rollup-linux-arm-musleabihf@4.18.0":
  version "4.18.0"
  resolved "https://registry.yarnpkg.com/@rollup/rollup-linux-arm-musleabihf/-/rollup-linux-arm-musleabihf-4.18.0.tgz#53618b92e6ffb642c7b620e6e528446511330549"
  integrity sha512-l3m9ewPgjQSXrUMHg93vt0hYCGnrMOcUpTz6FLtbwljo2HluS4zTXFy2571YQbisTnfTKPZ01u/ukJdQTLGh9A==

"@rollup/rollup-linux-arm64-gnu@4.18.0":
  version "4.18.0"
  resolved "https://registry.yarnpkg.com/@rollup/rollup-linux-arm64-gnu/-/rollup-linux-arm64-gnu-4.18.0.tgz#99a7ba5e719d4f053761a698f7b52291cefba577"
  integrity sha512-rJ5D47d8WD7J+7STKdCUAgmQk49xuFrRi9pZkWoRD1UeSMakbcepWXPF8ycChBoAqs1pb2wzvbY6Q33WmN2ftw==

"@rollup/rollup-linux-arm64-musl@4.18.0":
  version "4.18.0"
  resolved "https://registry.yarnpkg.com/@rollup/rollup-linux-arm64-musl/-/rollup-linux-arm64-musl-4.18.0.tgz#f53db99a45d9bc00ce94db8a35efa7c3c144a58c"
  integrity sha512-be6Yx37b24ZwxQ+wOQXXLZqpq4jTckJhtGlWGZs68TgdKXJgw54lUUoFYrg6Zs/kjzAQwEwYbp8JxZVzZLRepQ==

"@rollup/rollup-linux-powerpc64le-gnu@4.18.0":
  version "4.18.0"
  resolved "https://registry.yarnpkg.com/@rollup/rollup-linux-powerpc64le-gnu/-/rollup-linux-powerpc64le-gnu-4.18.0.tgz#cbb0837408fe081ce3435cf3730e090febafc9bf"
  integrity sha512-hNVMQK+qrA9Todu9+wqrXOHxFiD5YmdEi3paj6vP02Kx1hjd2LLYR2eaN7DsEshg09+9uzWi2W18MJDlG0cxJA==

"@rollup/rollup-linux-riscv64-gnu@4.18.0":
  version "4.18.0"
  resolved "https://registry.yarnpkg.com/@rollup/rollup-linux-riscv64-gnu/-/rollup-linux-riscv64-gnu-4.18.0.tgz#8ed09c1d1262ada4c38d791a28ae0fea28b80cc9"
  integrity sha512-ROCM7i+m1NfdrsmvwSzoxp9HFtmKGHEqu5NNDiZWQtXLA8S5HBCkVvKAxJ8U+CVctHwV2Gb5VUaK7UAkzhDjlg==

"@rollup/rollup-linux-s390x-gnu@4.18.0":
  version "4.18.0"
  resolved "https://registry.yarnpkg.com/@rollup/rollup-linux-s390x-gnu/-/rollup-linux-s390x-gnu-4.18.0.tgz#938138d3c8e0c96f022252a28441dcfb17afd7ec"
  integrity sha512-0UyyRHyDN42QL+NbqevXIIUnKA47A+45WyasO+y2bGJ1mhQrfrtXUpTxCOrfxCR4esV3/RLYyucGVPiUsO8xjg==

"@rollup/rollup-linux-x64-gnu@4.18.0":
  version "4.18.0"
  resolved "https://registry.yarnpkg.com/@rollup/rollup-linux-x64-gnu/-/rollup-linux-x64-gnu-4.18.0.tgz#1a7481137a54740bee1ded4ae5752450f155d942"
  integrity sha512-xuglR2rBVHA5UsI8h8UbX4VJ470PtGCf5Vpswh7p2ukaqBGFTnsfzxUBetoWBWymHMxbIG0Cmx7Y9qDZzr648w==

"@rollup/rollup-linux-x64-musl@4.18.0":
  version "4.18.0"
  resolved "https://registry.yarnpkg.com/@rollup/rollup-linux-x64-musl/-/rollup-linux-x64-musl-4.18.0.tgz#f1186afc601ac4f4fc25fac4ca15ecbee3a1874d"
  integrity sha512-LKaqQL9osY/ir2geuLVvRRs+utWUNilzdE90TpyoX0eNqPzWjRm14oMEE+YLve4k/NAqCdPkGYDaDF5Sw+xBfg==

"@rollup/rollup-win32-arm64-msvc@4.18.0":
  version "4.18.0"
  resolved "https://registry.yarnpkg.com/@rollup/rollup-win32-arm64-msvc/-/rollup-win32-arm64-msvc-4.18.0.tgz#ed6603e93636a96203c6915be4117245c1bd2daf"
  integrity sha512-7J6TkZQFGo9qBKH0pk2cEVSRhJbL6MtfWxth7Y5YmZs57Pi+4x6c2dStAUvaQkHQLnEQv1jzBUW43GvZW8OFqA==

"@rollup/rollup-win32-ia32-msvc@4.18.0":
  version "4.18.0"
  resolved "https://registry.yarnpkg.com/@rollup/rollup-win32-ia32-msvc/-/rollup-win32-ia32-msvc-4.18.0.tgz#14e0b404b1c25ebe6157a15edb9c46959ba74c54"
  integrity sha512-Txjh+IxBPbkUB9+SXZMpv+b/vnTEtFyfWZgJ6iyCmt2tdx0OF5WhFowLmnh8ENGNpfUlUZkdI//4IEmhwPieNg==

"@rollup/rollup-win32-x64-msvc@4.18.0":
  version "4.18.0"
  resolved "https://registry.yarnpkg.com/@rollup/rollup-win32-x64-msvc/-/rollup-win32-x64-msvc-4.18.0.tgz#5d694d345ce36b6ecf657349e03eb87297e68da4"
  integrity sha512-UOo5FdvOL0+eIVTgS4tIdbW+TtnBLWg1YBCcU2KWM7nuNwRz9bksDX1bekJJCpu25N1DVWaCwnT39dVQxzqS8g==

"@types/estree@1.0.5":
  version "1.0.5"
  resolved "https://registry.yarnpkg.com/@types/estree/-/estree-1.0.5.tgz#a6ce3e556e00fd9895dd872dd172ad0d4bd687f4"
  integrity sha512-/kYRxGDLWzHOB7q+wtSUQlFrtcdUccpfy+X+9iMBpHK8QLLhx2wIPYuS5DYtR9Wa/YlZAbIovy7qVdB1Aq6Lyw==

"@types/trusted-types@^2.0.2":
  version "2.0.7"
  resolved "https://registry.yarnpkg.com/@types/trusted-types/-/trusted-types-2.0.7.tgz#baccb07a970b91707df3a3e8ba6896c57ead2d11"
  integrity sha512-ScaPdn1dQczgbl0QFTeTOmVHFULt394XJgOQNoyVhZ6r2vLnMLJfBPd53SB52T/3G36VI1/g2MZaX0cwDuXsfw==

ansi-regex@^5.0.1:
  version "5.0.1"
  resolved "https://registry.yarnpkg.com/ansi-regex/-/ansi-regex-5.0.1.tgz#082cb2c89c9fe8659a311a53bd6a4dc5301db304"
  integrity sha512-quJQXlTSUGL2LH9SUXo8VwsY4soanhgo6LNSm84E1LBcE8s3O0wpdiRzyR9z/ZZJMlMWv37qOOb9pdJlMUEKFQ==

ansi-styles@^4.0.0, ansi-styles@^4.1.0:
  version "4.3.0"
  resolved "https://registry.yarnpkg.com/ansi-styles/-/ansi-styles-4.3.0.tgz#edd803628ae71c04c85ae7a0906edad34b648937"
  integrity sha512-zbB9rCJAT1rbjiVDb2hqKFHNYLxgtk8NURxZ3IZwD3F6NtxbXZQCnnSi1Lkx+IDohdPlFp222wVALIheZJQSEg==
  dependencies:
    color-convert "^2.0.1"

asynckit@^0.4.0:
  version "0.4.0"
  resolved "https://registry.yarnpkg.com/asynckit/-/asynckit-0.4.0.tgz#c79ed97f7f34cb8f2ba1bc9790bcc366474b4b79"
  integrity sha512-Oei9OH4tRh0YqU3GxhX79dM/mwVgvbZJaSNaRk+bshkj0S5cfHcgYakreBjrHwatXKbz+IoIdYLxrKim2MjW0Q==

axios@^1.6.8:
  version "1.7.2"
  resolved "https://registry.yarnpkg.com/axios/-/axios-1.7.2.tgz#b625db8a7051fbea61c35a3cbb3a1daa7b9c7621"
  integrity sha512-2A8QhOMrbomlDuiLeK9XibIBzuHeRcqqNOHp0Cyp5EoJ1IFDh+XZH3A6BkXtv0K4gFGCI0Y4BM7B1wOEi0Rmgw==
  dependencies:
    follow-redirects "^1.15.6"
    form-data "^4.0.0"
    proxy-from-env "^1.1.0"

before-after-hook@^2.2.0:
  version "2.2.3"
  resolved "https://registry.yarnpkg.com/before-after-hook/-/before-after-hook-2.2.3.tgz#c51e809c81a4e354084422b9b26bad88249c517c"
  integrity sha512-NzUnlZexiaH/46WDhANlyR2bXRopNg4F/zuSA3OpZnllCUgRaOF2znDioDWrmbNVsuZk6l9pMquQB38cfBZwkQ==

chalk@^4.1.2:
  version "4.1.2"
  resolved "https://registry.yarnpkg.com/chalk/-/chalk-4.1.2.tgz#aac4e2b7734a740867aeb16bf02aad556a1e7a01"
  integrity sha512-oKnbhFyRIXpUuez8iBMmyEa4nbj4IOQyuhc/wy9kY7/WVPcwIO9VA668Pu8RkO7+0G76SLROeyw9CpQ061i4mA==
  dependencies:
    ansi-styles "^4.1.0"
    supports-color "^7.1.0"

cliui@^8.0.1:
  version "8.0.1"
  resolved "https://registry.yarnpkg.com/cliui/-/cliui-8.0.1.tgz#0c04b075db02cbfe60dc8e6cf2f5486b1a3608aa"
  integrity sha512-BSeNnyus75C4//NQ9gQt1/csTXyo/8Sb+afLAkzAptFuMsod9HFokGNudZpi/oQV73hnVK+sR+5PVRMd+Dr7YQ==
  dependencies:
    string-width "^4.2.0"
    strip-ansi "^6.0.1"
    wrap-ansi "^7.0.0"

color-convert@^2.0.1:
  version "2.0.1"
  resolved "https://registry.yarnpkg.com/color-convert/-/color-convert-2.0.1.tgz#72d3a68d598c9bdb3af2ad1e84f21d896abd4de3"
  integrity sha512-RRECPsj7iu/xb5oKYcsFHSppFNnsj/52OVTRKb4zP5onXwVF3zVmmToNcOfGC+CRDpfK/U584fMg38ZHCaElKQ==
  dependencies:
    color-name "~1.1.4"

color-name@~1.1.4:
  version "1.1.4"
  resolved "https://registry.yarnpkg.com/color-name/-/color-name-1.1.4.tgz#c2a09a87acbde69543de6f63fa3995c826c536a2"
  integrity sha512-dOy+3AuW3a2wNbZHIuMZpTcgjGuLU/uBL/ubcZF9OXbDo8ff4O8yVp5Bf0efS8uEoYo5q4Fx7dY9OgQGXgAsQA==

combined-stream@^1.0.8:
  version "1.0.8"
  resolved "https://registry.yarnpkg.com/combined-stream/-/combined-stream-1.0.8.tgz#c3d45a8b34fd730631a110a8a2520682b31d5a7f"
  integrity sha512-FQN4MRfuJeHf7cBbBMJFXhKSDq+2kAArBlmRBvcvFE5BB1HZKXtSFASDhdlz9zOYwxh8lDdnvmMOe/+5cdoEdg==
  dependencies:
    delayed-stream "~1.0.0"

concurrently@^8.2.2:
  version "8.2.2"
  resolved "https://registry.yarnpkg.com/concurrently/-/concurrently-8.2.2.tgz#353141985c198cfa5e4a3ef90082c336b5851784"
  integrity sha512-1dP4gpXFhei8IOtlXRE/T/4H88ElHgTiUzh71YUmtjTEHMSRS2Z/fgOxHSxxusGHogsRfxNq1vyAwxSC+EVyDg==
  dependencies:
    chalk "^4.1.2"
    date-fns "^2.30.0"
    lodash "^4.17.21"
    rxjs "^7.8.1"
    shell-quote "^1.8.1"
    spawn-command "0.0.2"
    supports-color "^8.1.1"
    tree-kill "^1.2.2"
    yargs "^17.7.2"

date-fns@^2.30.0:
  version "2.30.0"
  resolved "https://registry.yarnpkg.com/date-fns/-/date-fns-2.30.0.tgz#f367e644839ff57894ec6ac480de40cae4b0f4d0"
  integrity sha512-fnULvOpxnC5/Vg3NCiWelDsLiUc9bRwAPs/+LfTLNvetFCtCTN+yQz15C/fs4AwX1R9K5GLtLfn8QW+dWisaAw==
  dependencies:
    "@babel/runtime" "^7.21.0"

debug@^4.3.4:
  version "4.3.5"
  resolved "https://registry.yarnpkg.com/debug/-/debug-4.3.5.tgz#e83444eceb9fedd4a1da56d671ae2446a01a6e1e"
  integrity sha512-pt0bNEmneDIvdL1Xsd9oDQ/wrQRkXDT4AUWlNZNPKvW5x/jyO9VFXkJUP07vQ2upmw5PlaITaPKc31jK13V+jg==
  dependencies:
    ms "2.1.2"

delayed-stream@~1.0.0:
  version "1.0.0"
  resolved "https://registry.yarnpkg.com/delayed-stream/-/delayed-stream-1.0.0.tgz#df3ae199acadfb7d440aaae0b29e2272b24ec619"
  integrity sha512-ZySD7Nf91aLB0RxL4KGrKHBXl7Eds1DAmEdcoVawXnLD7SDhpNgtuII2aAkg7a7QS41jxPSZ17p4VdGnMHk3MQ==

deprecation@^2.0.0:
  version "2.3.1"
  resolved "https://registry.yarnpkg.com/deprecation/-/deprecation-2.3.1.tgz#6368cbdb40abf3373b525ac87e4a260c3a700919"
  integrity sha512-xmHIy4F3scKVwMsQ4WnVaS8bHOx0DmVwRywosKhaILI0ywMDWPtBSku2HNxRvF7jtwDRsoEwYQSfbxj8b7RlJQ==

emoji-regex@^8.0.0:
  version "8.0.0"
  resolved "https://registry.yarnpkg.com/emoji-regex/-/emoji-regex-8.0.0.tgz#e818fd69ce5ccfcb404594f842963bf53164cc37"
  integrity sha512-MSjYzcWNOA0ewAHpz0MxpYFvwg6yjy1NG3xteoqz644VCo/RPgnr1/GGt+ic3iJTzQ8Eu3TdM14SawnVUmGE6A==

esbuild@^0.21.3:
  version "0.21.5"
  resolved "https://registry.yarnpkg.com/esbuild/-/esbuild-0.21.5.tgz#9ca301b120922959b766360d8ac830da0d02997d"
  integrity sha512-mg3OPMV4hXywwpoDxu3Qda5xCKQi+vCTZq8S9J/EpkhB2HzKXq4SNFZE3+NK93JYxc8VMSep+lOUSC/RVKaBqw==
  optionalDependencies:
    "@esbuild/aix-ppc64" "0.21.5"
    "@esbuild/android-arm" "0.21.5"
    "@esbuild/android-arm64" "0.21.5"
    "@esbuild/android-x64" "0.21.5"
    "@esbuild/darwin-arm64" "0.21.5"
    "@esbuild/darwin-x64" "0.21.5"
    "@esbuild/freebsd-arm64" "0.21.5"
    "@esbuild/freebsd-x64" "0.21.5"
    "@esbuild/linux-arm" "0.21.5"
    "@esbuild/linux-arm64" "0.21.5"
    "@esbuild/linux-ia32" "0.21.5"
    "@esbuild/linux-loong64" "0.21.5"
    "@esbuild/linux-mips64el" "0.21.5"
    "@esbuild/linux-ppc64" "0.21.5"
    "@esbuild/linux-riscv64" "0.21.5"
    "@esbuild/linux-s390x" "0.21.5"
    "@esbuild/linux-x64" "0.21.5"
    "@esbuild/netbsd-x64" "0.21.5"
    "@esbuild/openbsd-x64" "0.21.5"
    "@esbuild/sunos-x64" "0.21.5"
    "@esbuild/win32-arm64" "0.21.5"
    "@esbuild/win32-ia32" "0.21.5"
    "@esbuild/win32-x64" "0.21.5"

escalade@^3.1.1:
  version "3.1.2"
  resolved "https://registry.yarnpkg.com/escalade/-/escalade-3.1.2.tgz#54076e9ab29ea5bf3d8f1ed62acffbb88272df27"
  integrity sha512-ErCHMCae19vR8vQGe50xIsVomy19rg6gFu3+r3jkEO46suLMWBksvVyoGgQV+jOfl84ZSOSlmv6Gxa89PmTGmA==

follow-redirects@^1.15.6:
  version "1.15.6"
  resolved "https://registry.yarnpkg.com/follow-redirects/-/follow-redirects-1.15.6.tgz#7f815c0cda4249c74ff09e95ef97c23b5fd0399b"
  integrity sha512-wWN62YITEaOpSK584EZXJafH1AGpO8RVgElfkuXbTOrPX4fIfOyEpW/CsiNd8JdYrAoOvafRTOEnvsO++qCqFA==

form-data@^4.0.0:
  version "4.0.0"
  resolved "https://registry.yarnpkg.com/form-data/-/form-data-4.0.0.tgz#93919daeaf361ee529584b9b31664dc12c9fa452"
  integrity sha512-ETEklSGi5t0QMZuiXoA/Q6vcnxcLQP5vdugSpuAyi6SVGi2clPPp+xgEhuMaHC+zGgn31Kd235W35f7Hykkaww==
  dependencies:
    asynckit "^0.4.0"
    combined-stream "^1.0.8"
    mime-types "^2.1.12"

fsevents@~2.3.2, fsevents@~2.3.3:
  version "2.3.3"
  resolved "https://registry.yarnpkg.com/fsevents/-/fsevents-2.3.3.tgz#cac6407785d03675a2a5e1a5305c697b347d90d6"
  integrity sha512-5xoDfX+fL7faATnagmWPpbFtwh/R77WmMMqqHGS65C3vvB0YHrgF+B1YmZ3441tMj5n63k0212XNoJwzlhffQw==

get-caller-file@^2.0.5:
  version "2.0.5"
  resolved "https://registry.yarnpkg.com/get-caller-file/-/get-caller-file-2.0.5.tgz#4f94412a82db32f36e3b0b9741f8a97feb031f7e"
  integrity sha512-DyFP3BM/3YHTQOCUL/w0OZHR0lpKeGrxotcHWcqNEdnltqFwXVfhEBQ94eIo34AfQpo0rGki4cyIiftY06h2Fg==

has-flag@^4.0.0:
  version "4.0.0"
  resolved "https://registry.yarnpkg.com/has-flag/-/has-flag-4.0.0.tgz#944771fd9c81c81265c4d6941860da06bb59479b"
  integrity sha512-EykJT/Q1KjTWctppgIAgfSO0tKVuZUjhgMr17kqTumMl6Afv3EISleU7qZUzoXDFTAHTDC4NOoG/ZxU3EvlMPQ==

is-fullwidth-code-point@^3.0.0:
  version "3.0.0"
  resolved "https://registry.yarnpkg.com/is-fullwidth-code-point/-/is-fullwidth-code-point-3.0.0.tgz#f116f8064fe90b3f7844a38997c0b75051269f1d"
  integrity sha512-zymm5+u+sCsSWyD9qNaejV3DFvhCKclKdizYaJUuHA83RLjb7nSuGnddCHGv0hk+KY7BMAlsWeK4Ueg6EV6XQg==

lit-element@^4.0.4:
  version "4.0.6"
  resolved "https://registry.yarnpkg.com/lit-element/-/lit-element-4.0.6.tgz#b9f5b5d68f30636be1314ec76c9a73a6405f04dc"
  integrity sha512-U4sdJ3CSQip7sLGZ/uJskO5hGiqtlpxndsLr6mt3IQIjheg93UKYeGQjWMRql1s/cXNOaRrCzC2FQwjIwSUqkg==
  dependencies:
    "@lit-labs/ssr-dom-shim" "^1.2.0"
    "@lit/reactive-element" "^2.0.4"
    lit-html "^3.1.2"

lit-html@^3.1.2:
  version "3.1.4"
  resolved "https://registry.yarnpkg.com/lit-html/-/lit-html-3.1.4.tgz#30ad4f11467a61e2f08856de170e343184e9034e"
  integrity sha512-yKKO2uVv7zYFHlWMfZmqc+4hkmSbFp8jgjdZY9vvR9jr4J8fH6FUMXhr+ljfELgmjpvlF7Z1SJ5n5/Jeqtc9YA==
  dependencies:
    "@types/trusted-types" "^2.0.2"

lit@^3.1.4:
  version "3.1.4"
  resolved "https://registry.yarnpkg.com/lit/-/lit-3.1.4.tgz#03a72e9f0b1f5da317bf49b1ab579a7132e73d7a"
  integrity sha512-q6qKnKXHy2g1kjBaNfcoLlgbI3+aSOZ9Q4tiGa9bGYXq5RBXxkVTqTIVmP2VWMp29L4GyvCFm8ZQ2o56eUAMyA==
  dependencies:
    "@lit/reactive-element" "^2.0.4"
    lit-element "^4.0.4"
    lit-html "^3.1.2"

lodash@^4.17.21:
  version "4.17.21"
  resolved "https://registry.yarnpkg.com/lodash/-/lodash-4.17.21.tgz#679591c564c3bffaae8454cf0b3df370c3d6911c"
  integrity sha512-v2kDEe57lecTulaDIuNTPy3Ry4gLGJ6Z1O3vE1krgXZNrsQ+LFTGHVxVjcXPs17LhbZVGedAJv8XZ1tvj5FvSg==

mime-db@1.52.0:
  version "1.52.0"
  resolved "https://registry.yarnpkg.com/mime-db/-/mime-db-1.52.0.tgz#bbabcdc02859f4987301c856e3387ce5ec43bf70"
  integrity sha512-sPU4uV7dYlvtWJxwwxHD0PuihVNiE7TyAbQ5SWxDCB9mUYvOgroQOwYQQOKPJ8CIbE+1ETVlOoK1UC2nU3gYvg==

mime-types@^2.1.12:
  version "2.1.35"
  resolved "https://registry.yarnpkg.com/mime-types/-/mime-types-2.1.35.tgz#381a871b62a734450660ae3deee44813f70d959a"
  integrity sha512-ZDY+bPm5zTTF+YpCrAU9nK0UgICYPT0QtT1NZWFv4s++TNkcgVaT0g6+4R2uI4MjQjzysHB1zxuWL50hzaeXiw==
  dependencies:
    mime-db "1.52.0"

ms@2.1.2:
  version "2.1.2"
  resolved "https://registry.yarnpkg.com/ms/-/ms-2.1.2.tgz#d09d1f357b443f493382a8eb3ccd183872ae6009"
  integrity sha512-sGkPx+VjMtmA6MX27oA4FBFELFCZZ4S4XqeGOXCv68tT+jb3vk/RyaKWP0PTKyWtmLSM0b+adUTEvbs1PEaH2w==

nanoid@^3.3.7:
  version "3.3.7"
  resolved "https://registry.yarnpkg.com/nanoid/-/nanoid-3.3.7.tgz#d0c301a691bc8d54efa0a2226ccf3fe2fd656bd8"
  integrity sha512-eSRppjcPIatRIMC1U6UngP8XFcz8MQWGQdt1MTBQ7NaAmvXDfvNxbvWV3x2y6CdEUciCSsDHDQZbhYaB8QEo2g==

once@^1.4.0:
  version "1.4.0"
  resolved "https://registry.yarnpkg.com/once/-/once-1.4.0.tgz#583b1aa775961d4b113ac17d9c50baef9dd76bd1"
  integrity sha512-lNaJgI+2Q5URQBkccEKHTQOPaXdUxnZZElQTZY0MFUAuaEqe1E+Nyvgdz/aIyNi6Z9MzO5dv1H8n58/GELp3+w==
  dependencies:
    wrappy "1"

picocolors@^1.0.0, picocolors@^1.0.1:
  version "1.0.1"
  resolved "https://registry.yarnpkg.com/picocolors/-/picocolors-1.0.1.tgz#a8ad579b571952f0e5d25892de5445bcfe25aaa1"
  integrity sha512-anP1Z8qwhkbmu7MFP5iTt+wQKXgwzf7zTyGlcdzabySa9vd0Xt392U0rVmz9poOaBj0uHJKyyo9/upk0HrEQew==

postcss@^8.4.39:
  version "8.4.39"
  resolved "https://registry.yarnpkg.com/postcss/-/postcss-8.4.39.tgz#aa3c94998b61d3a9c259efa51db4b392e1bde0e3"
  integrity sha512-0vzE+lAiG7hZl1/9I8yzKLx3aR9Xbof3fBHKunvMfOCYAtMhrsnccJY2iTURb9EZd5+pLuiNV9/c/GZJOHsgIw==
  dependencies:
    nanoid "^3.3.7"
    picocolors "^1.0.1"
    source-map-js "^1.2.0"

proxy-from-env@^1.1.0:
  version "1.1.0"
  resolved "https://registry.yarnpkg.com/proxy-from-env/-/proxy-from-env-1.1.0.tgz#e102f16ca355424865755d2c9e8ea4f24d58c3e2"
  integrity sha512-D+zkORCbA9f1tdWRK0RaCR3GPv50cMxcrz4X8k5LTSUD1Dkw47mKJEZQNunItRTkWwgtaUSo1RVFRIG9ZXiFYg==

regenerator-runtime@^0.14.0:
  version "0.14.1"
  resolved "https://registry.yarnpkg.com/regenerator-runtime/-/regenerator-runtime-0.14.1.tgz#356ade10263f685dda125100cd862c1db895327f"
  integrity sha512-dYnhHh0nJoMfnkZs6GmmhFknAGRrLznOu5nc9ML+EJxGvrx6H7teuevqVqCuPcPK//3eDrrjQhehXVx9cnkGdw==

require-directory@^2.1.1:
  version "2.1.1"
  resolved "https://registry.yarnpkg.com/require-directory/-/require-directory-2.1.1.tgz#8c64ad5fd30dab1c976e2344ffe7f792a6a6df42"
  integrity sha512-fGxEI7+wsG9xrvdjsrlmL22OMTTiHRwAMroiEeMgq8gzoLC/PQr7RsRDSTLUg/bZAZtF+TVIkHc6/4RIKrui+Q==

rollup@^4.13.0:
  version "4.18.0"
  resolved "https://registry.yarnpkg.com/rollup/-/rollup-4.18.0.tgz#497f60f0c5308e4602cf41136339fbf87d5f5dda"
  integrity sha512-QmJz14PX3rzbJCN1SG4Xe/bAAX2a6NpCP8ab2vfu2GiUr8AQcr2nCV/oEO3yneFarB67zk8ShlIyWb2LGTb3Sg==
  dependencies:
    "@types/estree" "1.0.5"
  optionalDependencies:
    "@rollup/rollup-android-arm-eabi" "4.18.0"
    "@rollup/rollup-android-arm64" "4.18.0"
    "@rollup/rollup-darwin-arm64" "4.18.0"
    "@rollup/rollup-darwin-x64" "4.18.0"
    "@rollup/rollup-linux-arm-gnueabihf" "4.18.0"
    "@rollup/rollup-linux-arm-musleabihf" "4.18.0"
    "@rollup/rollup-linux-arm64-gnu" "4.18.0"
    "@rollup/rollup-linux-arm64-musl" "4.18.0"
    "@rollup/rollup-linux-powerpc64le-gnu" "4.18.0"
    "@rollup/rollup-linux-riscv64-gnu" "4.18.0"
    "@rollup/rollup-linux-s390x-gnu" "4.18.0"
    "@rollup/rollup-linux-x64-gnu" "4.18.0"
    "@rollup/rollup-linux-x64-musl" "4.18.0"
    "@rollup/rollup-win32-arm64-msvc" "4.18.0"
    "@rollup/rollup-win32-ia32-msvc" "4.18.0"
    "@rollup/rollup-win32-x64-msvc" "4.18.0"
    fsevents "~2.3.2"

rxjs@^7.8.1:
  version "7.8.1"
  resolved "https://registry.yarnpkg.com/rxjs/-/rxjs-7.8.1.tgz#6f6f3d99ea8044291efd92e7c7fcf562c4057543"
  integrity sha512-AA3TVj+0A2iuIoQkWEK/tqFjBq2j+6PO6Y0zJcvzLAFhEFIO3HL0vls9hWLncZbAAbK0mar7oZ4V079I/qPMxg==
  dependencies:
    tslib "^2.1.0"

shell-quote@^1.8.1:
  version "1.8.1"
  resolved "https://registry.yarnpkg.com/shell-quote/-/shell-quote-1.8.1.tgz#6dbf4db75515ad5bac63b4f1894c3a154c766680"
  integrity sha512-6j1W9l1iAs/4xYBI1SYOVZyFcCis9b4KCLQ8fgAGG07QvzaRLVVRQvAy85yNmmZSjYjg4MWh4gNvlPujU/5LpA==

source-map-js@^1.2.0:
  version "1.2.0"
  resolved "https://registry.yarnpkg.com/source-map-js/-/source-map-js-1.2.0.tgz#16b809c162517b5b8c3e7dcd315a2a5c2612b2af"
  integrity sha512-itJW8lvSA0TXEphiRoawsCksnlf8SyvmFzIhltqAHluXd88pkCd+cXJVHTDwdCr0IzwptSm035IHQktUu1QUMg==

spawn-command@0.0.2:
  version "0.0.2"
  resolved "https://registry.yarnpkg.com/spawn-command/-/spawn-command-0.0.2.tgz#9544e1a43ca045f8531aac1a48cb29bdae62338e"
  integrity sha512-zC8zGoGkmc8J9ndvml8Xksr1Amk9qBujgbF0JAIWO7kXr43w0h/0GJNM/Vustixu+YE8N/MTrQ7N31FvHUACxQ==

string-width@^4.1.0, string-width@^4.2.0, string-width@^4.2.3:
  version "4.2.3"
  resolved "https://registry.yarnpkg.com/string-width/-/string-width-4.2.3.tgz#269c7117d27b05ad2e536830a8ec895ef9c6d010"
  integrity sha512-wKyQRQpjJ0sIp62ErSZdGsjMJWsap5oRNihHhu6G7JVO/9jIB6UyevL+tXuOqrng8j/cxKTWyWUwvSTriiZz/g==
  dependencies:
    emoji-regex "^8.0.0"
    is-fullwidth-code-point "^3.0.0"
    strip-ansi "^6.0.1"

strip-ansi@^6.0.0, strip-ansi@^6.0.1:
  version "6.0.1"
  resolved "https://registry.yarnpkg.com/strip-ansi/-/strip-ansi-6.0.1.tgz#9e26c63d30f53443e9489495b2105d37b67a85d9"
  integrity sha512-Y38VPSHcqkFrCpFnQ9vuSXmquuv5oXOKpGeT6aGrr3o3Gc9AlVa6JBfUSOCnbxGGZF+/0ooI7KrPuUSztUdU5A==
  dependencies:
    ansi-regex "^5.0.1"

supports-color@^7.1.0:
  version "7.2.0"
  resolved "https://registry.yarnpkg.com/supports-color/-/supports-color-7.2.0.tgz#1b7dcdcb32b8138801b3e478ba6a51caa89648da"
  integrity sha512-qpCAvRl9stuOHveKsn7HncJRvv501qIacKzQlO/+Lwxc9+0q2wLyv4Dfvt80/DPn2pqOBsJdDiogXGR9+OvwRw==
  dependencies:
    has-flag "^4.0.0"

supports-color@^8.1.1:
  version "8.1.1"
  resolved "https://registry.yarnpkg.com/supports-color/-/supports-color-8.1.1.tgz#cd6fc17e28500cff56c1b86c0a7fd4a54a73005c"
  integrity sha512-MpUEN2OodtUzxvKQl72cUF7RQ5EiHsGvSsVG0ia9c5RbWGL2CI4C7EpPS8UTBIplnlzZiNuV56w+FuNxy3ty2Q==
  dependencies:
    has-flag "^4.0.0"

tree-kill@^1.2.2:
  version "1.2.2"
  resolved "https://registry.yarnpkg.com/tree-kill/-/tree-kill-1.2.2.tgz#4ca09a9092c88b73a7cdc5e8a01b507b0790a0cc"
  integrity sha512-L0Orpi8qGpRG//Nd+H90vFB+3iHnue1zSSGmNOOCh1GLJ7rUKVwV2HvijphGQS2UmhUZewS9VgvxYIdgr+fG1A==

tslib@^2.1.0:
  version "2.6.3"
  resolved "https://registry.yarnpkg.com/tslib/-/tslib-2.6.3.tgz#0438f810ad7a9edcde7a241c3d80db693c8cbfe0"
  integrity sha512-xNvxJEOUiWPGhUuUdQgAJPKOOJfGnIyKySOc09XkKsgdUV/3E2zvwZYdejjmRgPCgcym1juLH3226yA7sEFJKQ==

typescript@^5.2.2:
  version "5.5.3"
  resolved "https://registry.yarnpkg.com/typescript/-/typescript-5.5.3.tgz#e1b0a3c394190838a0b168e771b0ad56a0af0faa"
  integrity sha512-/hreyEujaB0w76zKo6717l3L0o/qEUtRgdvUBvlkhoWeOVMjMuHNHk0BRBzikzuGDqNmPQbg5ifMEqsHLiIUcQ==

universal-user-agent@^6.0.0:
  version "6.0.1"
  resolved "https://registry.yarnpkg.com/universal-user-agent/-/universal-user-agent-6.0.1.tgz#15f20f55da3c930c57bddbf1734c6654d5fd35aa"
  integrity sha512-yCzhz6FN2wU1NiiQRogkTQszlQSlpWaw8SvVegAc+bDxbzHgh1vX8uIe8OYyMH6DwH+sdTJsgMl36+mSMdRJIQ==

vite-plugin-mkcert@^1.17.5:
  version "1.17.5"
  resolved "https://registry.yarnpkg.com/vite-plugin-mkcert/-/vite-plugin-mkcert-1.17.5.tgz#175f1a2a99c110fa87b2f2e6390b22656674a67b"
  integrity sha512-KKGY3iHx/9zb7ow8JJ+nLN2HiNIBuPBwj34fJ+jAJT89/8qfk7msO7G7qipR8VDEm9xMCys0xT11QOJbZcg3/Q==
  dependencies:
    "@octokit/rest" "^20.0.2"
    axios "^1.6.8"
    debug "^4.3.4"
    picocolors "^1.0.0"

vite@^5.3.1:
  version "5.3.3"
  resolved "https://registry.yarnpkg.com/vite/-/vite-5.3.3.tgz#5265b1f0a825b3b6564c2d07524777c83e3c04c2"
  integrity sha512-NPQdeCU0Dv2z5fu+ULotpuq5yfCS1BzKUIPhNbP3YBfAMGJXbt2nS+sbTFu+qchaqWTD+H3JK++nRwr6XIcp6A==
  dependencies:
    esbuild "^0.21.3"
    postcss "^8.4.39"
    rollup "^4.13.0"
  optionalDependencies:
    fsevents "~2.3.3"

wrap-ansi@^7.0.0:
  version "7.0.0"
  resolved "https://registry.yarnpkg.com/wrap-ansi/-/wrap-ansi-7.0.0.tgz#67e145cff510a6a6984bdf1152911d69d2eb9e43"
  integrity sha512-YVGIj2kamLSTxw6NsZjoBxfSwsn0ycdesmc4p+Q21c5zPuZ1pl+NfxVdxPtdHvmNVOQ6XSYG4AUtyt/Fi7D16Q==
  dependencies:
    ansi-styles "^4.0.0"
    string-width "^4.1.0"
    strip-ansi "^6.0.0"

wrappy@1:
  version "1.0.2"
  resolved "https://registry.yarnpkg.com/wrappy/-/wrappy-1.0.2.tgz#b5243d8f3ec1aa35f1364605bc0d1036e30ab69f"
  integrity sha512-l4Sp/DRseor9wL6EvV2+TuQn63dMkPjZ/sp9XkghTEbV9KlPS1xUsZ3u7/IQO4wxtcFB4bgpQPRcR3QCvezPcQ==

y18n@^5.0.5:
  version "5.0.8"
  resolved "https://registry.yarnpkg.com/y18n/-/y18n-5.0.8.tgz#7f4934d0f7ca8c56f95314939ddcd2dd91ce1d55"
  integrity sha512-0pfFzegeDWJHJIAmTLRP2DwHjdF5s7jo9tuztdQxAhINCdvS+3nGINqPd00AphqJR/0LhANUS6/+7SCb98YOfA==

yargs-parser@^21.1.1:
  version "21.1.1"
  resolved "https://registry.yarnpkg.com/yargs-parser/-/yargs-parser-21.1.1.tgz#9096bceebf990d21bb31fa9516e0ede294a77d35"
  integrity sha512-tVpsJW7DdjecAiFpbIB1e3qxIQsE6NoPc5/eTdrbbIC4h0LVsWhnoa3g+m2HclBIujHzsxZ4VJVA+GUuc2/LBw==

yargs@^17.7.2:
  version "17.7.2"
  resolved "https://registry.yarnpkg.com/yargs/-/yargs-17.7.2.tgz#991df39aca675a192b816e1e0363f9d75d2aa269"
  integrity sha512-7dSzzRQ++CKnNI/krKnYRV7JKKPUXMEh61soaHKg9mrWEhzFWhFnxPxGl+69cD1Ou63C13NUPCnmIcrvqCuM6w==
  dependencies:
    cliui "^8.0.1"
    escalade "^3.1.1"
    get-caller-file "^2.0.5"
    require-directory "^2.1.1"
    string-width "^4.2.3"
    y18n "^5.0.5"
    yargs-parser "^21.1.1"
